
Microsoft Visual Studio Solution File, Format Version 12.00
# Visual Studio 2013
VisualStudioVersion = 12.0.40629.0
MinimumVisualStudioVersion = 10.0.40219.1
Project("{FAE04EC0-301F-11D3-BF4B-00C04F79EFBC}") = "IAI.Web", "IAI.Web\IAI.Web.csproj", "{FB8A70D7-BD0A-4E23-8E3B-2A17E5E25C6D}"
EndProject
Project("{FAE04EC0-301F-11D3-BF4B-00C04F79EFBC}") = "IAI.DomainModel", "IAI.Domain\IAI.DomainModel.csproj", "{62B9815F-03DF-4717-AC93-91A07791D419}"
EndProject
Project("{2150E333-8FDC-42A3-9474-1A3956D46DE8}") = "UI", "UI", "{48AFDB29-9DC0-4135-B6C8-8B5891A2C499}"
EndProject
Project("{2150E333-8FDC-42A3-9474-1A3956D46DE8}") = "Application", "Application", "{4A96786E-B560-43B9-B174-DEE1A685CB6C}"
EndProject
Project("{2150E333-8FDC-42A3-9474-1A3956D46DE8}") = "Domain", "Domain", "{D2210DA4-3F9F-4AF6-95A6-869A0DF2CA5E}"
EndProject
Project("{2150E333-8FDC-42A3-9474-1A3956D46DE8}") = "Infrastructure", "Infrastructure", "{D16E22C0-8686-421E-9FB4-5FB84FF323DA}"
EndProject
Project("{FAE04EC0-301F-11D3-BF4B-00C04F79EFBC}") = "IAI.QueryService", "IAI.QueryService\IAI.QueryService.csproj", "{049241D5-720D-473C-AFFA-C501B60CF742}"
EndProject
Project("{FAE04EC0-301F-11D3-BF4B-00C04F79EFBC}") = "IAI.CommandService", "IAI.CommandService\IAI.CommandService.csproj", "{F792BD22-ED60-4316-ABBB-7EECE23FD83F}"
EndProject
Project("{FAE04EC0-301F-11D3-BF4B-00C04F79EFBC}") = "IAI.Commands", "IAI.Commands\IAI.Commands.csproj", "{DB1D1533-514B-4969-ADE3-1FBADE2998E5}"
EndProject
Project("{FAE04EC0-301F-11D3-BF4B-00C04F79EFBC}") = "IAI.ViewModels", "IAI.ViewModels\IAI.ViewModels.csproj", "{1611B815-74B0-4E7A-AB19-4FC67130FF4B}"
EndProject
Project("{FAE04EC0-301F-11D3-BF4B-00C04F79EFBC}") = "IAI.Data", "IAI.Data\IAI.Data.csproj", "{926CD321-B7FB-4D91-BB90-7287BC613BBD}"
EndProject
Project("{FAE04EC0-301F-11D3-BF4B-00C04F79EFBC}") = "IAI.CommandHandler", "IAI.CommandHandler\IAI.CommandHandler.csproj", "{29FA7902-AD2F-432A-89A8-896C91F37E82}"
EndProject
Project("{FAE04EC0-301F-11D3-BF4B-00C04F79EFBC}") = "IAI.IRepository", "IAI.IRepository\IAI.IRepository.csproj", "{704A52F7-4B8B-434C-AEDA-300E9C4A57F3}"
EndProject
Project("{FAE04EC0-301F-11D3-BF4B-00C04F79EFBC}") = "IAI.Exceptions", "IAI.Exceptions\IAI.Exceptions.csproj", "{BFB0F84D-D676-4686-96AC-5A0B35F33FE7}"
EndProject
Project("{FAE04EC0-301F-11D3-BF4B-00C04F79EFBC}") = "NhibernatePractice", "NhibernatePractice\NhibernatePractice.csproj", "{574627B6-3CF9-4677-A11C-021C132D8FE8}"
EndProject
Global
	GlobalSection(SolutionConfigurationPlatforms) = preSolution
		Debug|Any CPU = Debug|Any CPU
		Release|Any CPU = Release|Any CPU
	EndGlobalSection
	GlobalSection(ProjectConfigurationPlatforms) = postSolution
		{FB8A70D7-BD0A-4E23-8E3B-2A17E5E25C6D}.Debug|Any CPU.ActiveCfg = Debug|Any CPU
		{FB8A70D7-BD0A-4E23-8E3B-2A17E5E25C6D}.Debug|Any CPU.Build.0 = Debug|Any CPU
		{FB8A70D7-BD0A-4E23-8E3B-2A17E5E25C6D}.Release|Any CPU.ActiveCfg = Release|Any CPU
		{FB8A70D7-BD0A-4E23-8E3B-2A17E5E25C6D}.Release|Any CPU.Build.0 = Release|Any CPU
		{62B9815F-03DF-4717-AC93-91A07791D419}.Debug|Any CPU.ActiveCfg = Debug|Any CPU
		{62B9815F-03DF-4717-AC93-91A07791D419}.Debug|Any CPU.Build.0 = Debug|Any CPU
		{62B9815F-03DF-4717-AC93-91A07791D419}.Release|Any CPU.ActiveCfg = Release|Any CPU
		{62B9815F-03DF-4717-AC93-91A07791D419}.Release|Any CPU.Build.0 = Release|Any CPU
		{049241D5-720D-473C-AFFA-C501B60CF742}.Debug|Any CPU.ActiveCfg = Debug|Any CPU
		{049241D5-720D-473C-AFFA-C501B60CF742}.Debug|Any CPU.Build.0 = Debug|Any CPU
		{049241D5-720D-473C-AFFA-C501B60CF742}.Release|Any CPU.ActiveCfg = Release|Any CPU
		{049241D5-720D-473C-AFFA-C501B60CF742}.Release|Any CPU.Build.0 = Release|Any CPU
		{F792BD22-ED60-4316-ABBB-7EECE23FD83F}.Debug|Any CPU.ActiveCfg = Debug|Any CPU
		{F792BD22-ED60-4316-ABBB-7EECE23FD83F}.Debug|Any CPU.Build.0 = Debug|Any CPU
		{F792BD22-ED60-4316-ABBB-7EECE23FD83F}.Release|Any CPU.ActiveCfg = Release|Any CPU
		{F792BD22-ED60-4316-ABBB-7EECE23FD83F}.Release|Any CPU.Build.0 = Release|Any CPU
		{DB1D1533-514B-4969-ADE3-1FBADE2998E5}.Debug|Any CPU.ActiveCfg = Debug|Any CPU
		{DB1D1533-514B-4969-ADE3-1FBADE2998E5}.Debug|Any CPU.Build.0 = Debug|Any CPU
		{DB1D1533-514B-4969-ADE3-1FBADE2998E5}.Release|Any CPU.ActiveCfg = Release|Any CPU
		{DB1D1533-514B-4969-ADE3-1FBADE2998E5}.Release|Any CPU.Build.0 = Release|Any CPU
		{1611B815-74B0-4E7A-AB19-4FC67130FF4B}.Debug|Any CPU.ActiveCfg = Debug|Any CPU
		{1611B815-74B0-4E7A-AB19-4FC67130FF4B}.Debug|Any CPU.Build.0 = Debug|Any CPU
		{1611B815-74B0-4E7A-AB19-4FC67130FF4B}.Release|Any CPU.ActiveCfg = Release|Any CPU
		{1611B815-74B0-4E7A-AB19-4FC67130FF4B}.Release|Any CPU.Build.0 = Release|Any CPU
		{926CD321-B7FB-4D91-BB90-7287BC613BBD}.Debug|Any CPU.ActiveCfg = Debug|Any CPU
		{926CD321-B7FB-4D91-BB90-7287BC613BBD}.Debug|Any CPU.Build.0 = Debug|Any CPU
		{926CD321-B7FB-4D91-BB90-7287BC613BBD}.Release|Any CPU.ActiveCfg = Release|Any CPU
		{926CD321-B7FB-4D91-BB90-7287BC613BBD}.Release|Any CPU.Build.0 = Release|Any CPU
		{29FA7902-AD2F-432A-89A8-896C91F37E82}.Debug|Any CPU.ActiveCfg = Debug|Any CPU
		{29FA7902-AD2F-432A-89A8-896C91F37E82}.Debug|Any CPU.Build.0 = Debug|Any CPU
		{29FA7902-AD2F-432A-89A8-896C91F37E82}.Release|Any CPU.ActiveCfg = Release|Any CPU
		{29FA7902-AD2F-432A-89A8-896C91F37E82}.Release|Any CPU.Build.0 = Release|Any CPU
		{704A52F7-4B8B-434C-AEDA-300E9C4A57F3}.Debug|Any CPU.ActiveCfg = Debug|Any CPU
		{704A52F7-4B8B-434C-AEDA-300E9C4A57F3}.Debug|Any CPU.Build.0 = Debug|Any CPU
		{704A52F7-4B8B-434C-AEDA-300E9C4A57F3}.Release|Any CPU.ActiveCfg = Release|Any CPU
		{704A52F7-4B8B-434C-AEDA-300E9C4A57F3}.Release|Any CPU.Build.0 = Release|Any CPU
		{BFB0F84D-D676-4686-96AC-5A0B35F33FE7}.Debug|Any CPU.ActiveCfg = Debug|Any CPU
		{BFB0F84D-D676-4686-96AC-5A0B35F33FE7}.Debug|Any CPU.Build.0 = Debug|Any CPU
		{BFB0F84D-D676-4686-96AC-5A0B35F33FE7}.Release|Any CPU.ActiveCfg = Release|Any CPU
		{BFB0F84D-D676-4686-96AC-5A0B35F33FE7}.Release|Any CPU.Build.0 = Release|Any CPU
		{574627B6-3CF9-4677-A11C-021C132D8FE8}.Debug|Any CPU.ActiveCfg = Debug|Any CPU
		{574627B6-3CF9-4677-A11C-021C132D8FE8}.Debug|Any CPU.Build.0 = Debug|Any CPU
		{574627B6-3CF9-4677-A11C-021C132D8FE8}.Release|Any CPU.ActiveCfg = Release|Any CPU
		{574627B6-3CF9-4677-A11C-021C132D8FE8}.Release|Any CPU.Build.0 = Release|Any CPU
	EndGlobalSection
	GlobalSection(SolutionProperties) = preSolution
		HideSolutionNode = FALSE
	EndGlobalSection
	GlobalSection(NestedProjects) = preSolution
		{FB8A70D7-BD0A-4E23-8E3B-2A17E5E25C6D} = {48AFDB29-9DC0-4135-B6C8-8B5891A2C499}
		{62B9815F-03DF-4717-AC93-91A07791D419} = {D2210DA4-3F9F-4AF6-95A6-869A0DF2CA5E}
		{049241D5-720D-473C-AFFA-C501B60CF742} = {4A96786E-B560-43B9-B174-DEE1A685CB6C}
		{F792BD22-ED60-4316-ABBB-7EECE23FD83F} = {4A96786E-B560-43B9-B174-DEE1A685CB6C}
		{DB1D1533-514B-4969-ADE3-1FBADE2998E5} = {D16E22C0-8686-421E-9FB4-5FB84FF323DA}
		{1611B815-74B0-4E7A-AB19-4FC67130FF4B} = {D16E22C0-8686-421E-9FB4-5FB84FF323DA}
		{926CD321-B7FB-4D91-BB90-7287BC613BBD} = {D16E22C0-8686-421E-9FB4-5FB84FF323DA}
		{29FA7902-AD2F-432A-89A8-896C91F37E82} = {D2210DA4-3F9F-4AF6-95A6-869A0DF2CA5E}
		{704A52F7-4B8B-434C-AEDA-300E9C4A57F3} = {D2210DA4-3F9F-4AF6-95A6-869A0DF2CA5E}
		{BFB0F84D-D676-4686-96AC-5A0B35F33FE7} = {D16E22C0-8686-421E-9FB4-5FB84FF323DA}
		{574627B6-3CF9-4677-A11C-021C132D8FE8} = {48AFDB29-9DC0-4135-B6C8-8B5891A2C499}
	EndGlobalSection
EndGlobal
